{
  "lockfileVersion": 1,
  "workspaces": {
    "": {
      "name": "jup-blink",
      "dependencies": {
        "@elysiajs/cors": "^1.2.0",
        "@elysiajs/eden": "^1.2.0",
        "@elysiajs/static": "^1.2.0",
        "@elysiajs/swagger": "^1.2.0",
        "@jup-ag/api": "^6.0.38",
        "@solana-program/compute-budget": "^0.6.1",
        "@solana-program/system": "^0.6.2",
        "@solana-program/token": "^0.4.1",
        "@solana/actions": "^1.6.6",
        "@solana/addresses": "^2.0.0",
        "@solana/keys": "^2.0.0",
        "@solana/rpc-types": "^2.0.0",
        "@solana/signers": "^2.0.0",
        "@solana/transactions": "^2.0.0",
        "@solana/web3.js": "^2.0.0-edge",
        "bignumber.js": "^9.1.2",
        "bs58": "^6.0.0",
        "ky": "^1.7.4",
        "nacl": "^0.1.3",
      },
      "devDependencies": {
        "bun-types": "latest",
      },
    },
  },
  "packages": {
    "@babel/runtime": ["@babel/runtime@7.26.0", "", { "dependencies": { "regenerator-runtime": "^0.14.0" } }, "sha512-FDSOghenHTiToteC/QRlv2q3DhPZ/oOXTBoirfWNx1Cx3TMVcGWQtMMmQcSvb/JjpNeGzx8Pq/b4fKEJuWm1sw=="],

    "@elysiajs/cors": ["@elysiajs/cors@1.2.0", "", { "peerDependencies": { "elysia": ">= 1.2.0" } }, "sha512-qsJwDAg6WfdQRMfj6uSMcDPSpXvm/zQFeAX1uuJXhIgazH8itSfcDxcH9pMuXVRX1yQNi2pPwNQLJmAcw5mzvw=="],

    "@elysiajs/eden": ["@elysiajs/eden@1.2.0", "", { "peerDependencies": { "elysia": ">= 1.2.0" } }, "sha512-MpV45ahuF+iFZUg4tyJbLr9qxzY99m8clJVgQrDrz7Qh6eOKQ8MY6vjYMj3Wh21pTIRHPHzOLhVorRGby1/Owg=="],

    "@elysiajs/static": ["@elysiajs/static@1.2.0", "", { "dependencies": { "node-cache": "^5.1.2" }, "peerDependencies": { "elysia": ">= 1.2.0" } }, "sha512-oLpAi8c+maPpA0XhhK3BELaIjIG+nXg/K9p8cFfW4q5ayRD59a3MOMOOGgpiXZkHJzLPWcouhhyyLAYtaANW4g=="],

    "@elysiajs/swagger": ["@elysiajs/swagger@1.2.0", "", { "dependencies": { "@scalar/themes": "^0.9.52", "@scalar/types": "^0.0.12", "openapi-types": "^12.1.3", "pathe": "^1.1.2" }, "peerDependencies": { "elysia": ">= 1.2.0" } }, "sha512-OPx93DP6rM2VHjA3D44Xiz5MYm9AYlO2NGWPsnSsdyvaOCiL9wJj529583h7arX4iIEYE5LiLB0/A45unqbopw=="],

    "@jup-ag/api": ["@jup-ag/api@6.0.38", "", {}, "sha512-HSTYVzWtxs3Krd0nfRnTf0ahtbZRW7h1H7F/pDvDLFWZguCyQhAYyK7X5TW74zQQLhpdiL0zNtWLSGxGtqy8Hg=="],

    "@noble/curves": ["@noble/curves@1.8.1", "", { "dependencies": { "@noble/hashes": "1.7.1" } }, "sha512-warwspo+UYUPep0Q+vtdVB4Ugn8GGQj8iyB3gnRWsztmUHTI3S1nhdiWNsPUGL0vud7JlRRk1XEu7Lq1KGTnMQ=="],

    "@noble/hashes": ["@noble/hashes@1.7.1", "", {}, "sha512-B8XBPsn4vT/KJAGqDzbwztd+6Yte3P4V7iafm24bxgDe/mlRuK6xmWPuCNrKt2vDafZ8MfJLlchDG/vYafQEjQ=="],

    "@scalar/openapi-types": ["@scalar/openapi-types@0.1.1", "", {}, "sha512-NMy3QNk6ytcCoPUGJH0t4NNr36OWXgZhA3ormr3TvhX1NDgoF95wFyodGVH8xiHeUyn2/FxtETm8UBLbB5xEmg=="],

    "@scalar/themes": ["@scalar/themes@0.9.61", "", { "dependencies": { "@scalar/types": "0.0.27" } }, "sha512-hBg49hDYmr8nHnWqZaT5k6QRjZjz8Pl1DACLfyFcnDweQ8Yjk8lo6EIa+33vBXPCUpfrodjs4XrTAkSr6Hw1/g=="],

    "@scalar/types": ["@scalar/types@0.0.12", "", { "dependencies": { "@scalar/openapi-types": "0.1.1", "@unhead/schema": "^1.9.5" } }, "sha512-XYZ36lSEx87i4gDqopQlGCOkdIITHHEvgkuJFrXFATQs9zHARop0PN0g4RZYWj+ZpCUclOcaOjbCt8JGe22mnQ=="],

    "@sinclair/typebox": ["@sinclair/typebox@0.34.14", "", {}, "sha512-TJ7Al17j3+by5y2QkTLcF/oBVMbgXBhILVgi9PuwpxQVZZvGh5BFRzWbJPmZVNKpbRLjuMzFuRwR+tdFPqCkvA=="],

    "@solana-program/compute-budget": ["@solana-program/compute-budget@0.6.1", "", { "peerDependencies": { "@solana/web3.js": "^2.0.0" } }, "sha512-PWcVmRx2gSQ8jd5va5HzSlKqQmR8Q1sYaPcqpCzhOHcApJ4YsVWY6QhaOD5Nx7z1UXkP12vNq3KDsSCZnT3Hkw=="],

    "@solana-program/system": ["@solana-program/system@0.6.2", "", { "peerDependencies": { "@solana/web3.js": "^2.0.0" } }, "sha512-q0ZnylK+LISjuP2jH5GWV9IJPtpzQctj5KQwij9XCDRSGkcFr2fpqptNnVupTLQiNL6Q4c1OZuG8WBmyFXVXZw=="],

    "@solana-program/token": ["@solana-program/token@0.4.1", "", { "peerDependencies": { "@solana/web3.js": "^2.0.0" } }, "sha512-eSYmjsapzE9jXT2J9xydlMj/zsangMEIZAy9dy75VCXM6kgDCSnH5R7+HsIoKOTvb2VggU7GojC+YhMwWGCIBw=="],

    "@solana/accounts": ["@solana/accounts@2.0.0", "", { "dependencies": { "@solana/addresses": "2.0.0", "@solana/codecs-core": "2.0.0", "@solana/codecs-strings": "2.0.0", "@solana/errors": "2.0.0", "@solana/rpc-spec": "2.0.0", "@solana/rpc-types": "2.0.0" }, "peerDependencies": { "typescript": ">=5" } }, "sha512-1CE4P3QSDH5x+ZtSthMY2mn/ekROBnlT3/4f3CHDJicDvLQsgAq2yCvGHsYkK3ZA0mxhFLuhJVjuKASPnmG1rQ=="],

    "@solana/actions": ["@solana/actions@1.6.6", "", { "dependencies": { "@solana/actions-spec": "^2.4.1", "@solana/qr-code-styling": "^1.6.0", "@solana/web3.js": "^1.61.0", "bs58": "^5.0.0", "cross-fetch": "^3.1.5", "js-base64": "^3.7.2", "tweetnacl": "^1.0.3" } }, "sha512-LkXsXr2NFVgo74ZO8WS1Vli68oJhFBvr7pwh6u6Zb//HJKoG8eHIz24E7Q9gBumWRkduLcLrqtpIgL5SbfO59g=="],

    "@solana/actions-spec": ["@solana/actions-spec@2.4.2", "", {}, "sha512-phdlA+JqIrsWw3rmhDynddv9/ZQONPqzYCpPoxN3VMR/2bECsdPWyBgLQpjqk4hgdn7VWQXWzEJtdeFMKxn78g=="],

    "@solana/addresses": ["@solana/addresses@2.0.0", "", { "dependencies": { "@solana/assertions": "2.0.0", "@solana/codecs-core": "2.0.0", "@solana/codecs-strings": "2.0.0", "@solana/errors": "2.0.0" }, "peerDependencies": { "typescript": ">=5" } }, "sha512-8n3c/mUlH1/z+pM8e7OJ6uDSXw26Be0dgYiokiqblO66DGQ0d+7pqFUFZ5pEGjJ9PU2lDTSfY8rHf4cemOqwzQ=="],

    "@solana/assertions": ["@solana/assertions@2.0.0", "", { "dependencies": { "@solana/errors": "2.0.0" }, "peerDependencies": { "typescript": ">=5" } }, "sha512-NyPPqZRNGXs/GAjfgsw7YS6vCTXWt4ibXveS+ciy5sdmp/0v3pA6DlzYjleF9Sljrew0IiON15rjaXamhDxYfQ=="],

    "@solana/buffer-layout": ["@solana/buffer-layout@4.0.1", "", { "dependencies": { "buffer": "~6.0.3" } }, "sha512-E1ImOIAD1tBZFRdjeM4/pzTiTApC0AOBGwyAMS4fwIodCWArzJ3DWdoh8cKxeFM2fElkxBh2Aqts1BPC373rHA=="],

    "@solana/codecs": ["@solana/codecs@2.0.0", "", { "dependencies": { "@solana/codecs-core": "2.0.0", "@solana/codecs-data-structures": "2.0.0", "@solana/codecs-numbers": "2.0.0", "@solana/codecs-strings": "2.0.0", "@solana/options": "2.0.0" }, "peerDependencies": { "typescript": ">=5" } }, "sha512-xneIG5ppE6WIGaZCK7JTys0uLhzlnEJUdBO8nRVIyerwH6aqCfb0fGe7q5WNNYAVDRSxC0Pc1TDe1hpdx3KWmQ=="],

    "@solana/codecs-core": ["@solana/codecs-core@2.0.0", "", { "dependencies": { "@solana/errors": "2.0.0" }, "peerDependencies": { "typescript": ">=5" } }, "sha512-qCG+3hDU5Pm8V6joJjR4j4Zv9md1z0RaecniNDIkEglnxmOUODnmPLWbtOjnDylfItyuZeDihK8hkewdj8cUtw=="],

    "@solana/codecs-data-structures": ["@solana/codecs-data-structures@2.0.0", "", { "dependencies": { "@solana/codecs-core": "2.0.0", "@solana/codecs-numbers": "2.0.0", "@solana/errors": "2.0.0" }, "peerDependencies": { "typescript": ">=5" } }, "sha512-N98Y4jsrC/XeOgqrfsGqcOFIaOoMsKdAxOmy5oqVaEN67YoGSLNC9ROnqamOAOrsZdicTWx9/YLKFmQi9DPh1A=="],

    "@solana/codecs-numbers": ["@solana/codecs-numbers@2.0.0", "", { "dependencies": { "@solana/codecs-core": "2.0.0", "@solana/errors": "2.0.0" }, "peerDependencies": { "typescript": ">=5" } }, "sha512-r66i7VzJO1MZkQWZIAI6jjJOFVpnq0+FIabo2Z2ZDtrArFus/SbSEv543yCLeD2tdR/G/p+1+P5On10qF50Y1Q=="],

    "@solana/codecs-strings": ["@solana/codecs-strings@2.0.0", "", { "dependencies": { "@solana/codecs-core": "2.0.0", "@solana/codecs-numbers": "2.0.0", "@solana/errors": "2.0.0" }, "peerDependencies": { "fastestsmallesttextencoderdecoder": "^1.0.22", "typescript": ">=5" } }, "sha512-dNqeCypsvaHcjW86H0gYgAZGGkKVBeKVeh7WXlOZ9kno7PeQ2wNkpccyzDfuzaIsKv+HZUD3v/eo86GCvnKazQ=="],

    "@solana/errors": ["@solana/errors@2.0.0", "", { "dependencies": { "chalk": "^5.3.0", "commander": "^12.1.0" }, "peerDependencies": { "typescript": ">=5" }, "bin": { "errors": "bin/cli.mjs" } }, "sha512-IHlaPFSy4lvYco1oHJ3X8DbchWwAwJaL/4wZKnF1ugwZ0g0re8wbABrqNOe/jyZ84VU9Z14PYM8W9oDAebdJbw=="],

    "@solana/fast-stable-stringify": ["@solana/fast-stable-stringify@2.0.0", "", { "peerDependencies": { "typescript": ">=5" } }, "sha512-EsIx9z+eoxOmC+FpzhEb+H67CCYTbs/omAqXD4EdEYnCHWrI1li1oYBV+NoKzfx8fKlX+nzNB7S/9kc4u7Etpw=="],

    "@solana/functional": ["@solana/functional@2.0.0", "", { "peerDependencies": { "typescript": ">=5" } }, "sha512-Sj+sLiUTimnMEyGnSLGt0lbih2xPDUhxhonnrIkPwA+hjQ3ULGHAxeevHU06nqiVEgENQYUJ5rCtHs4xhUFAkQ=="],

    "@solana/instructions": ["@solana/instructions@2.0.0", "", { "dependencies": { "@solana/errors": "2.0.0" }, "peerDependencies": { "typescript": ">=5" } }, "sha512-MiTEiNF7Pzp+Y+x4yadl2VUcNHboaW5WP52psBuhHns3GpbbruRv5efMpM9OEQNe1OsN+Eg39vjEidX55+P+DQ=="],

    "@solana/keys": ["@solana/keys@2.0.0", "", { "dependencies": { "@solana/assertions": "2.0.0", "@solana/codecs-core": "2.0.0", "@solana/codecs-strings": "2.0.0", "@solana/errors": "2.0.0" }, "peerDependencies": { "typescript": ">=5" } }, "sha512-SSLSX8BXRvfLKBqsmBghmlhMKpwHeWd5CHi5zXgTS1BRrtiU6lcrTVC9ie6B+WaNNq7oe3e6K5bdbhu3fFZ+0g=="],

    "@solana/options": ["@solana/options@2.0.0", "", { "dependencies": { "@solana/codecs-core": "2.0.0", "@solana/codecs-data-structures": "2.0.0", "@solana/codecs-numbers": "2.0.0", "@solana/codecs-strings": "2.0.0", "@solana/errors": "2.0.0" }, "peerDependencies": { "typescript": ">=5" } }, "sha512-OVc4KnYosB8oAukQ/htgrxXSxlUP6gUu5Aau6d/BgEkPQzWd/Pr+w91VWw3i3zZuu2SGpedbyh05RoJBe/hSXA=="],

    "@solana/programs": ["@solana/programs@2.0.0", "", { "dependencies": { "@solana/addresses": "2.0.0", "@solana/errors": "2.0.0" }, "peerDependencies": { "typescript": ">=5" } }, "sha512-JPIKB61pWfODnsvEAaPALc6vR5rn7kmHLpFaviWhBtfUlEVgB8yVTR0MURe4+z+fJCPRV5wWss+svA4EeGDYzQ=="],

    "@solana/promises": ["@solana/promises@2.0.0", "", { "peerDependencies": { "typescript": ">=5" } }, "sha512-4teQ52HDjK16ORrZe1zl+Q9WcZdQ+YEl0M1gk59XG7D0P9WqaVEQzeXGnKSCs+Y9bnB1u5xCJccwpUhHYWq6gg=="],

    "@solana/qr-code-styling": ["@solana/qr-code-styling@1.6.0", "", { "dependencies": { "qrcode-generator": "^1.4.3" } }, "sha512-KyBmyFKPxQPhUkP0jjnxV2ZeF1R1guTD8Hrd0YvHvMnhtrNEoEEdv4Jpp4W0GN4qCGG2KYOM5d3TgoLD+CNf9Q=="],

    "@solana/rpc": ["@solana/rpc@2.0.0", "", { "dependencies": { "@solana/errors": "2.0.0", "@solana/fast-stable-stringify": "2.0.0", "@solana/functional": "2.0.0", "@solana/rpc-api": "2.0.0", "@solana/rpc-spec": "2.0.0", "@solana/rpc-spec-types": "2.0.0", "@solana/rpc-transformers": "2.0.0", "@solana/rpc-transport-http": "2.0.0", "@solana/rpc-types": "2.0.0" }, "peerDependencies": { "typescript": ">=5" } }, "sha512-TumQ9DFRpib/RyaIqLVfr7UjqSo7ldfzpae0tgjM93YjbItB4Z0VcUXc3uAFvkeYw2/HIMb46Zg43mkUwozjDg=="],

    "@solana/rpc-api": ["@solana/rpc-api@2.0.0", "", { "dependencies": { "@solana/addresses": "2.0.0", "@solana/codecs-core": "2.0.0", "@solana/codecs-strings": "2.0.0", "@solana/errors": "2.0.0", "@solana/keys": "2.0.0", "@solana/rpc-parsed-types": "2.0.0", "@solana/rpc-spec": "2.0.0", "@solana/rpc-transformers": "2.0.0", "@solana/rpc-types": "2.0.0", "@solana/transaction-messages": "2.0.0", "@solana/transactions": "2.0.0" }, "peerDependencies": { "typescript": ">=5" } }, "sha512-1FwitYxwADMF/6zKP2kNXg8ESxB6GhNBNW1c4f5dEmuXuBbeD/enLV3WMrpg8zJkIaaYarEFNbt7R7HyFzmURQ=="],

    "@solana/rpc-parsed-types": ["@solana/rpc-parsed-types@2.0.0", "", { "peerDependencies": { "typescript": ">=5" } }, "sha512-VCeY/oKVEtBnp8EDOc5LSSiOeIOLFIgLndcxqU0ij/cZaQ01DOoHbhluvhZtU80Z3dUeicec8TiMgkFzed+WhQ=="],

    "@solana/rpc-spec": ["@solana/rpc-spec@2.0.0", "", { "dependencies": { "@solana/errors": "2.0.0", "@solana/rpc-spec-types": "2.0.0" }, "peerDependencies": { "typescript": ">=5" } }, "sha512-1uIDzj7vocCUqfOifjv1zAuxQ53ugiup/42edVFoQLOnJresoEZLL6WjnsJq4oCTccEAvGhUBI1WWKeZTGNxFQ=="],

    "@solana/rpc-spec-types": ["@solana/rpc-spec-types@2.0.0", "", { "peerDependencies": { "typescript": ">=5" } }, "sha512-G2lmhFhgtxMQd/D6B04BHGE7bm5dMZdIPQNOqVGhzNAVjrmyapD3JN2hKAbmaYPe97wLfZERw0Ux1u4Y6q7TqA=="],

    "@solana/rpc-subscriptions": ["@solana/rpc-subscriptions@2.0.0", "", { "dependencies": { "@solana/errors": "2.0.0", "@solana/fast-stable-stringify": "2.0.0", "@solana/functional": "2.0.0", "@solana/promises": "2.0.0", "@solana/rpc-spec-types": "2.0.0", "@solana/rpc-subscriptions-api": "2.0.0", "@solana/rpc-subscriptions-channel-websocket": "2.0.0", "@solana/rpc-subscriptions-spec": "2.0.0", "@solana/rpc-transformers": "2.0.0", "@solana/rpc-types": "2.0.0", "@solana/subscribable": "2.0.0" }, "peerDependencies": { "typescript": ">=5" } }, "sha512-AdwMJHMrhlj7q1MPjZmVcKq3iLqMW3N0MT8kzIAP2vP+8o/d6Fn4aqGxoz2Hlfn3OYIZoYStN2VBtwzbcfEgMA=="],

    "@solana/rpc-subscriptions-api": ["@solana/rpc-subscriptions-api@2.0.0", "", { "dependencies": { "@solana/addresses": "2.0.0", "@solana/keys": "2.0.0", "@solana/rpc-subscriptions-spec": "2.0.0", "@solana/rpc-transformers": "2.0.0", "@solana/rpc-types": "2.0.0", "@solana/transaction-messages": "2.0.0", "@solana/transactions": "2.0.0" }, "peerDependencies": { "typescript": ">=5" } }, "sha512-NAJQvSFXYIIf8zxsMFBCkSbZNZgT32pzPZ1V6ZAd+U2iDEjx3L+yFwoJgfOcHp8kAV+alsF2lIsGBlG4u+ehvw=="],

    "@solana/rpc-subscriptions-channel-websocket": ["@solana/rpc-subscriptions-channel-websocket@2.0.0", "", { "dependencies": { "@solana/errors": "2.0.0", "@solana/functional": "2.0.0", "@solana/rpc-subscriptions-spec": "2.0.0", "@solana/subscribable": "2.0.0" }, "peerDependencies": { "typescript": ">=5", "ws": "^8.18.0" } }, "sha512-hSQDZBmcp2t+gLZsSBqs/SqVw4RuNSC7njiP46azyzW7oGg8X2YPV36AHGsHD12KPsc0UpT1OAZ4+AN9meVKww=="],

    "@solana/rpc-subscriptions-spec": ["@solana/rpc-subscriptions-spec@2.0.0", "", { "dependencies": { "@solana/errors": "2.0.0", "@solana/promises": "2.0.0", "@solana/rpc-spec-types": "2.0.0", "@solana/subscribable": "2.0.0" }, "peerDependencies": { "typescript": ">=5" } }, "sha512-VXMiI3fYtU1PkVVTXL87pcY48ZY8aCi1N6FqtxSP2xg/GASL01j1qbwyIL1OvoCqGyRgIxdd/YfaByW9wmWBhA=="],

    "@solana/rpc-transformers": ["@solana/rpc-transformers@2.0.0", "", { "dependencies": { "@solana/errors": "2.0.0", "@solana/functional": "2.0.0", "@solana/rpc-spec-types": "2.0.0", "@solana/rpc-types": "2.0.0" }, "peerDependencies": { "typescript": ">=5" } }, "sha512-H6tN0qcqzUangowsLLQtYXKJsf1Roe3/qJ1Cy0gv9ojY9uEvNbJqpeEj+7blv0MUZfEe+rECAwBhxxRKPMhYGw=="],

    "@solana/rpc-transport-http": ["@solana/rpc-transport-http@2.0.0", "", { "dependencies": { "@solana/errors": "2.0.0", "@solana/rpc-spec": "2.0.0", "@solana/rpc-spec-types": "2.0.0", "undici-types": "^6.20.0" }, "peerDependencies": { "typescript": ">=5" } }, "sha512-UJLhKhhxDd1OPi8hb2AenHsDm1mofCBbhWn4bDCnH2Q3ulwYadUhcNqNbxjJPQ774VNhAf53SSI5A6PQo8IZSQ=="],

    "@solana/rpc-types": ["@solana/rpc-types@2.0.0", "", { "dependencies": { "@solana/addresses": "2.0.0", "@solana/codecs-core": "2.0.0", "@solana/codecs-numbers": "2.0.0", "@solana/codecs-strings": "2.0.0", "@solana/errors": "2.0.0" }, "peerDependencies": { "typescript": ">=5" } }, "sha512-o1ApB9PYR0A3XjVSOh//SOVWgjDcqMlR3UNmtqciuREIBmWqnvPirdOa5EJxD3iPhfA4gnNnhGzT+tMDeDW/Kw=="],

    "@solana/signers": ["@solana/signers@2.0.0", "", { "dependencies": { "@solana/addresses": "2.0.0", "@solana/codecs-core": "2.0.0", "@solana/errors": "2.0.0", "@solana/instructions": "2.0.0", "@solana/keys": "2.0.0", "@solana/transaction-messages": "2.0.0", "@solana/transactions": "2.0.0" }, "peerDependencies": { "typescript": ">=5" } }, "sha512-JEYJS3x/iKkqPV/3b1nLpX9lHib21wQKV3fOuu1aDLQqmX9OYKrnIIITYdnFDhmvGhpEpkkbPnqu7yVaFIBYsQ=="],

    "@solana/subscribable": ["@solana/subscribable@2.0.0", "", { "dependencies": { "@solana/errors": "2.0.0" }, "peerDependencies": { "typescript": ">=5" } }, "sha512-Ex7d2GnTSNVMZDU3z6nKN4agRDDgCgBDiLnmn1hmt0iFo3alr3gRAqiqa7qGouAtYh9/29pyc8tVJCijHWJPQQ=="],

    "@solana/sysvars": ["@solana/sysvars@2.0.0", "", { "dependencies": { "@solana/accounts": "2.0.0", "@solana/codecs": "2.0.0", "@solana/errors": "2.0.0", "@solana/rpc-types": "2.0.0" }, "peerDependencies": { "typescript": ">=5" } }, "sha512-8D4ajKcCYQsTG1p4k30lre2vjxLR6S5MftUGJnIaQObDCzGmaeA9GRti4Kk4gSPWVYFTBoj1ASx8EcEXaB3eIQ=="],

    "@solana/transaction-confirmation": ["@solana/transaction-confirmation@2.0.0", "", { "dependencies": { "@solana/addresses": "2.0.0", "@solana/codecs-strings": "2.0.0", "@solana/errors": "2.0.0", "@solana/keys": "2.0.0", "@solana/promises": "2.0.0", "@solana/rpc": "2.0.0", "@solana/rpc-subscriptions": "2.0.0", "@solana/rpc-types": "2.0.0", "@solana/transaction-messages": "2.0.0", "@solana/transactions": "2.0.0" }, "peerDependencies": { "typescript": ">=5" } }, "sha512-JkTw5gXLiqQjf6xK0fpVcoJ/aMp2kagtFSD/BAOazdJ3UYzOzbzqvECt6uWa3ConcMswQ2vXalVtI7ZjmYuIeg=="],

    "@solana/transaction-messages": ["@solana/transaction-messages@2.0.0", "", { "dependencies": { "@solana/addresses": "2.0.0", "@solana/codecs-core": "2.0.0", "@solana/codecs-data-structures": "2.0.0", "@solana/codecs-numbers": "2.0.0", "@solana/errors": "2.0.0", "@solana/functional": "2.0.0", "@solana/instructions": "2.0.0", "@solana/rpc-types": "2.0.0" }, "peerDependencies": { "typescript": ">=5" } }, "sha512-Uc6Fw1EJLBrmgS1lH2ZfLAAKFvprWPQQzOVwZS78Pv8Whsk7tweYTK6S0Upv0nHr50rGpnORJfmdBrXE6OfNGg=="],

    "@solana/transactions": ["@solana/transactions@2.0.0", "", { "dependencies": { "@solana/addresses": "2.0.0", "@solana/codecs-core": "2.0.0", "@solana/codecs-data-structures": "2.0.0", "@solana/codecs-numbers": "2.0.0", "@solana/codecs-strings": "2.0.0", "@solana/errors": "2.0.0", "@solana/functional": "2.0.0", "@solana/instructions": "2.0.0", "@solana/keys": "2.0.0", "@solana/rpc-types": "2.0.0", "@solana/transaction-messages": "2.0.0" }, "peerDependencies": { "typescript": ">=5" } }, "sha512-VfdTE+59WKvuBG//6iE9RPjAB+ZT2kLgY2CDHabaz6RkH6OjOkMez9fWPVa3Xtcus+YQWN1SnQoryjF/xSx04w=="],

    "@solana/web3.js": ["@solana/web3.js@2.0.0", "", { "dependencies": { "@solana/accounts": "2.0.0", "@solana/addresses": "2.0.0", "@solana/codecs": "2.0.0", "@solana/errors": "2.0.0", "@solana/functional": "2.0.0", "@solana/instructions": "2.0.0", "@solana/keys": "2.0.0", "@solana/programs": "2.0.0", "@solana/rpc": "2.0.0", "@solana/rpc-parsed-types": "2.0.0", "@solana/rpc-spec-types": "2.0.0", "@solana/rpc-subscriptions": "2.0.0", "@solana/rpc-types": "2.0.0", "@solana/signers": "2.0.0", "@solana/sysvars": "2.0.0", "@solana/transaction-confirmation": "2.0.0", "@solana/transaction-messages": "2.0.0", "@solana/transactions": "2.0.0" }, "peerDependencies": { "typescript": ">=5" } }, "sha512-x+ZRB2/r5tVK/xw8QRbAfgPcX51G9f2ifEyAQ/J5npOO+6+MPeeCjtr5UxHNDAYs9Ypo0PN+YJATCO4vhzQJGg=="],

    "@swc/helpers": ["@swc/helpers@0.5.15", "", { "dependencies": { "tslib": "^2.8.0" } }, "sha512-JQ5TuMi45Owi4/BIMAJBoSQoOJu12oOk/gADqlcUL9JEdHB8vyjUSsxqeNXnmXHjYKMi2WcYtezGEEhqUI/E2g=="],

    "@types/connect": ["@types/connect@3.4.38", "", { "dependencies": { "@types/node": "*" } }, "sha512-K6uROf1LD88uDQqJCktA4yzL1YYAK6NgfsI0v/mTgyPKWsX1CnJ0XPSDhViejru1GcRkLWb8RlzFYJRqGUbaug=="],

    "@types/node": ["@types/node@22.10.9", "", { "dependencies": { "undici-types": "~6.20.0" } }, "sha512-Ir6hwgsKyNESl/gLOcEz3krR4CBGgliDqBQ2ma4wIhEx0w+xnoeTq3tdrNw15kU3SxogDjOgv9sqdtLW8mIHaw=="],

    "@types/uuid": ["@types/uuid@8.3.4", "", {}, "sha512-c/I8ZRb51j+pYGAu5CrFMRxqZ2ke4y2grEBO5AUjgSkSk+qT2Ea+OdWElz/OiMf5MNpn2b17kuVBwZLQJXzihw=="],

    "@types/ws": ["@types/ws@8.5.13", "", { "dependencies": { "@types/node": "*" } }, "sha512-osM/gWBTPKgHV8XkTunnegTRIsvF6owmf5w+JtAfOw472dptdm0dlGv4xCt6GwQRcC2XVOvvRE/0bAoQcL2QkA=="],

    "@unhead/schema": ["@unhead/schema@1.11.18", "", { "dependencies": { "hookable": "^5.5.3", "zhead": "^2.2.4" } }, "sha512-a3TA/OJCRdfbFhcA3Hq24k1ZU1o9szicESrw8DZcGyQFacHnh84mVgnyqSkMnwgCmfN4kvjSiTBlLEHS6+wATw=="],

    "JSONStream": ["JSONStream@1.3.5", "", { "dependencies": { "jsonparse": "^1.2.0", "through": ">=2.2.7 <3" }, "bin": { "JSONStream": "./bin.js" } }, "sha512-E+iruNOY8VV9s4JEbe1aNEm6MiszPRr/UfcHMz0TQh1BXSxHK+ASV1R6W4HpjBhSeS+54PIsAMCBmwD06LLsqQ=="],

    "agentkeepalive": ["agentkeepalive@4.6.0", "", { "dependencies": { "humanize-ms": "^1.2.1" } }, "sha512-kja8j7PjmncONqaTsB8fQ+wE2mSU2DJ9D4XKoJ5PFWIdRMa6SLSN1ff4mOr4jCbfRSsxR4keIiySJU0N9T5hIQ=="],

    "base-x": ["base-x@5.0.0", "", {}, "sha512-sMW3VGSX1QWVFA6l8U62MLKz29rRfpTlYdCqLdpLo1/Yd4zZwSbnUaDfciIAowAqvq7YFnWq9hrhdg1KYgc1lQ=="],

    "base64-js": ["base64-js@1.5.1", "", {}, "sha512-AKpaYlHn8t4SVbOHCy+b5+KKgvR4vrsD8vbvrbiQJps7fKDTkjkDry6ji0rUJjC0kzbNePLwzxq8iypo41qeWA=="],

    "bigint-buffer": ["bigint-buffer@1.1.5", "", { "dependencies": { "bindings": "^1.3.0" } }, "sha512-trfYco6AoZ+rKhKnxA0hgX0HAbVP/s808/EuDSe2JDzUnCp/xAsli35Orvk67UrTEcwuxZqYZDmfA2RXJgxVvA=="],

    "bignumber.js": ["bignumber.js@9.1.2", "", {}, "sha512-2/mKyZH9K85bzOEfhXDBFZTGd1CTs+5IHpeFQo9luiBG7hghdC851Pj2WAhb6E3R6b9tZj/XKhbg4fum+Kepug=="],

    "bindings": ["bindings@1.5.0", "", { "dependencies": { "file-uri-to-path": "1.0.0" } }, "sha512-p2q/t/mhvuOj/UeLlV6566GD/guowlr0hHxClI0W9m7MWYkL1F0hLo+0Aexs9HSPCtR1SXQ0TD3MMKrXZajbiQ=="],

    "bn.js": ["bn.js@5.2.1", "", {}, "sha512-eXRvHzWyYPBuB4NBy0cmYQjGitUrtqwbvlzP3G6VFnNRbsZQIxQ10PbKKHt8gZ/HW/D/747aDl+QkDqg3KQLMQ=="],

    "borsh": ["borsh@0.7.0", "", { "dependencies": { "bn.js": "^5.2.0", "bs58": "^4.0.0", "text-encoding-utf-8": "^1.0.2" } }, "sha512-CLCsZGIBCFnPtkNnieW/a8wmreDmfUtjU2m9yHrzPXIlNbqVs0AQrSatSG6vdNYUqdc83tkQi2eHfF98ubzQLA=="],

    "bs58": ["bs58@6.0.0", "", { "dependencies": { "base-x": "^5.0.0" } }, "sha512-PD0wEnEYg6ijszw/u8s+iI3H17cTymlrwkKhDhPZq+Sokl3AU4htyBFTjAeNAlCCmg0f53g6ih3jATyCKftTfw=="],

    "buffer": ["buffer@6.0.3", "", { "dependencies": { "base64-js": "^1.3.1", "ieee754": "^1.2.1" } }, "sha512-FTiCpNxtwiZZHEZbcbTIcZjERVICn9yq/pDFkTl95/AxzD1naBctN7YO68riM/gLSDY7sdrMby8hofADYuuqOA=="],

    "bufferutil": ["bufferutil@4.0.9", "", { "dependencies": { "node-gyp-build": "^4.3.0" } }, "sha512-WDtdLmJvAuNNPzByAYpRo2rF1Mmradw6gvWsQKf63476DDXmomT9zUiGypLcG4ibIM67vhAj8jJRdbmEws2Aqw=="],

    "bun-types": ["bun-types@1.2.0", "", { "dependencies": { "@types/node": "*", "@types/ws": "~8.5.10" } }, "sha512-KEaJxyZfbV/c4eyG0vyehDpYmBGreNiQbZIqvVHJwZ4BmeuWlNZ7EAzMN2Zcd7ailmS/tGVW0BgYbGf+lGEpWw=="],

    "chalk": ["chalk@5.4.1", "", {}, "sha512-zgVZuo2WcZgfUEmsn6eO3kINexW8RAE4maiQ8QNs8CtpPCSyMiYsULR3HQYkm3w8FIA3SberyMJMSldGsW+U3w=="],

    "clone": ["clone@2.1.2", "", {}, "sha512-3Pe/CF1Nn94hyhIYpjtiLhdCoEoz0DqQ+988E9gmeEdQZlojxnOb74wctFyuwWQHzqyf9X7C7MG8juUpqBJT8w=="],

    "commander": ["commander@12.1.0", "", {}, "sha512-Vw8qHK3bZM9y/P10u3Vib8o/DdkvA2OtPtZvD871QKjy74Wj1WSKFILMPRPSdUSx5RFK1arlJzEtA4PkFgnbuA=="],

    "cookie": ["cookie@1.0.2", "", {}, "sha512-9Kr/j4O16ISv8zBBhJoi4bXOYNTkFLOqSL3UDB0njXxCXNezjeyVrJyGOWtgfs/q2km1gwBcfH8q1yEGoMYunA=="],

    "cross-fetch": ["cross-fetch@3.2.0", "", { "dependencies": { "node-fetch": "^2.7.0" } }, "sha512-Q+xVJLoGOeIMXZmbUK4HYk+69cQH6LudR0Vu/pRm2YlU/hDV9CiS0gKUMaWY5f2NeUH9C1nV3bsTlCo0FsTV1Q=="],

    "delay": ["delay@5.0.0", "", {}, "sha512-ReEBKkIfe4ya47wlPYf/gu5ib6yUG0/Aez0JQZQz94kiWtRQvZIQbTiehsnwHvLSWJnQdhVeqYue7Id1dKr0qw=="],

    "elysia": ["elysia@1.2.10", "", { "dependencies": { "@sinclair/typebox": "^0.34.13", "cookie": "^1.0.2", "memoirist": "^0.2.0", "openapi-types": "^12.1.3" }, "peerDependencies": { "typescript": ">= 5.0.0" }, "optionalPeers": ["typescript"] }, "sha512-QcNl2FjhHFRpKaqy1NoMpyCjJ7OcKBnHwLUkqGu09QwIV84PFb82ILvYJG4GS1RbGv76OA50luaqBLrM3SLZ2w=="],

    "es6-promise": ["es6-promise@4.2.8", "", {}, "sha512-HJDGx5daxeIvxdBxvG2cb9g4tEvwIk3i8+nhX0yGrYmZUzbkdg8QbDevheDB8gd0//uPj4c1EQua8Q+MViT0/w=="],

    "es6-promisify": ["es6-promisify@5.0.0", "", { "dependencies": { "es6-promise": "^4.0.3" } }, "sha512-C+d6UdsYDk0lMebHNR4S2NybQMMngAOnOwYBQjTOiv0MkoJMP0Myw2mgpDLBcpfCmRLxyFqYhS/CfOENq4SJhQ=="],

    "eventemitter3": ["eventemitter3@5.0.1", "", {}, "sha512-GWkBvjiSZK87ELrYOSESUYeVIc9mvLLf/nXalMOS5dYrgZq9o5OVkbZAVM06CVxYsCwH9BDZFPlQTlPA1j4ahA=="],

    "eyes": ["eyes@0.1.8", "", {}, "sha512-GipyPsXO1anza0AOZdy69Im7hGFCNB7Y/NGjDlZGJ3GJJLtwNSb2vrzYrTYJRrRloVx7pl+bhUaTB8yiccPvFQ=="],

    "fast-stable-stringify": ["fast-stable-stringify@1.0.0", "", {}, "sha512-wpYMUmFu5f00Sm0cj2pfivpmawLZ0NKdviQ4w9zJeR8JVtOpOxHmLaJuj0vxvGqMJQWyP/COUkF75/57OKyRag=="],

    "fastestsmallesttextencoderdecoder": ["fastestsmallesttextencoderdecoder@1.0.22", "", {}, "sha512-Pb8d48e+oIuY4MaM64Cd7OW1gt4nxCHs7/ddPPZ/Ic3sg8yVGM7O9wDvZ7us6ScaUupzM+pfBolwtYhN1IxBIw=="],

    "file-uri-to-path": ["file-uri-to-path@1.0.0", "", {}, "sha512-0Zt+s3L7Vf1biwWZ29aARiVYLx7iMGnEUl9x33fbB/j3jR81u/O2LbqK+Bm1CDSNDKVtJ/YjwY7TUd5SkeLQLw=="],

    "hookable": ["hookable@5.5.3", "", {}, "sha512-Yc+BQe8SvoXH1643Qez1zqLRmbA5rCL+sSmk6TVos0LWVfNIB7PGncdlId77WzLGSIB5KaWgTaNTs2lNVEI6VQ=="],

    "humanize-ms": ["humanize-ms@1.2.1", "", { "dependencies": { "ms": "^2.0.0" } }, "sha512-Fl70vYtsAFb/C06PTS9dZBo7ihau+Tu/DNCk/OyHhea07S+aeMWpFFkUaXRa8fI+ScZbEI8dfSxwY7gxZ9SAVQ=="],

    "ieee754": ["ieee754@1.2.1", "", {}, "sha512-dcyqhDvX1C46lXZcVqCpK+FtMRQVdIMN6/Df5js2zouUsqG7I6sFxitIC+7KYK29KdXOLHdu9zL4sFnoVQnqaA=="],

    "isomorphic-ws": ["isomorphic-ws@4.0.1", "", { "peerDependencies": { "ws": "*" } }, "sha512-BhBvN2MBpWTaSHdWRb/bwdZJ1WaehQ2L1KngkCkfLUGF0mAWAT1sQUQacEmQ0jXkFw/czDXPNQSL5u2/Krsz1w=="],

    "jayson": ["jayson@4.1.3", "", { "dependencies": { "@types/connect": "^3.4.33", "@types/node": "^12.12.54", "@types/ws": "^7.4.4", "JSONStream": "^1.3.5", "commander": "^2.20.3", "delay": "^5.0.0", "es6-promisify": "^5.0.0", "eyes": "^0.1.8", "isomorphic-ws": "^4.0.1", "json-stringify-safe": "^5.0.1", "uuid": "^8.3.2", "ws": "^7.5.10" }, "bin": { "jayson": "bin/jayson.js" } }, "sha512-LtXh5aYZodBZ9Fc3j6f2w+MTNcnxteMOrb+QgIouguGOulWi0lieEkOUg+HkjjFs0DGoWDds6bi4E9hpNFLulQ=="],

    "js-base64": ["js-base64@3.7.7", "", {}, "sha512-7rCnleh0z2CkXhH67J8K1Ytz0b2Y+yxTPL+/KOJoa20hfnVQ/3/T6W/KflYI4bRHRagNeXeU2bkNGI3v1oS/lw=="],

    "json-stringify-safe": ["json-stringify-safe@5.0.1", "", {}, "sha512-ZClg6AaYvamvYEE82d3Iyd3vSSIjQ+odgjaTzRuO3s7toCdFKczob2i0zCh7JE8kWn17yvAWhUVxvqGwUalsRA=="],

    "jsonparse": ["jsonparse@1.3.1", "", {}, "sha512-POQXvpdL69+CluYsillJ7SUhKvytYjW9vG/GKpnf+xP8UWgYEM/RaMzHHofbALDiKbbP1W8UEYmgGl39WkPZsg=="],

    "ky": ["ky@1.7.4", "", {}, "sha512-zYEr/gh7uLW2l4su11bmQ2M9xLgQLjyvx58UyNM/6nuqyWFHPX5ktMjvpev3F8QWdjSsHUpnWew4PBCswBNuMQ=="],

    "memoirist": ["memoirist@0.2.0", "", {}, "sha512-DA1V11OWsKmYjgYHfT1luus0FtTjUbILfI9s5M+ckK29tBLON6GDhH5GwxDz7E1ou4Bdzm9vhbeCaRAWxwG+0g=="],

    "ms": ["ms@2.1.3", "", {}, "sha512-6FlzubTLZG3J2a/NVCAleEhjzq5oxgHyaCU9yYXvcLsvoVaHJq/s5xXI6/XXP6tz7R9xAOtHnSO/tXtF3WRTlA=="],

    "nacl": ["nacl@0.1.3", "", {}, "sha512-QGg/Xmtnvxzzmbp6K4nnvKEDIkH/IFXfBLoZd1J81ub4d6olr7tGpfRkAPC0WdUFLXcsOOQmyRTHZdAUnF6PKw=="],

    "node-cache": ["node-cache@5.1.2", "", { "dependencies": { "clone": "2.x" } }, "sha512-t1QzWwnk4sjLWaQAS8CHgOJ+RAfmHpxFWmc36IWTiWHQfs0w5JDMBS1b1ZxQteo0vVVuWJvIUKHDkkeK7vIGCg=="],

    "node-fetch": ["node-fetch@2.7.0", "", { "dependencies": { "whatwg-url": "^5.0.0" }, "peerDependencies": { "encoding": "^0.1.0" }, "optionalPeers": ["encoding"] }, "sha512-c4FRfUm/dbcWZ7U+1Wq0AwCyFL+3nt2bEw05wfxSz+DWpWsitgmSgYmy2dQdWyKC1694ELPqMs/YzUSNozLt8A=="],

    "node-gyp-build": ["node-gyp-build@4.8.4", "", { "bin": { "node-gyp-build": "bin.js", "node-gyp-build-optional": "optional.js", "node-gyp-build-test": "build-test.js" } }, "sha512-LA4ZjwlnUblHVgq0oBF3Jl/6h/Nvs5fzBLwdEF4nuxnFdsfajde4WfxtJr3CaiH+F6ewcIB/q4jQ4UzPyid+CQ=="],

    "openapi-types": ["openapi-types@12.1.3", "", {}, "sha512-N4YtSYJqghVu4iek2ZUvcN/0aqH1kRDuNqzcycDxhOUpg7GdvLa2F3DgS6yBNhInhv2r/6I0Flkn7CqL8+nIcw=="],

    "pathe": ["pathe@1.1.2", "", {}, "sha512-whLdWMYL2TwI08hn8/ZqAbrVemu0LNaNNJZX73O6qaIdCTfXutsLhMkjdENX0qhsQ9uIimo4/aQOmXkoon2nDQ=="],

    "qrcode-generator": ["qrcode-generator@1.4.4", "", {}, "sha512-HM7yY8O2ilqhmULxGMpcHSF1EhJJ9yBj8gvDEuZ6M+KGJ0YY2hKpnXvRD+hZPLrDVck3ExIGhmPtSdcjC+guuw=="],

    "regenerator-runtime": ["regenerator-runtime@0.14.1", "", {}, "sha512-dYnhHh0nJoMfnkZs6GmmhFknAGRrLznOu5nc9ML+EJxGvrx6H7teuevqVqCuPcPK//3eDrrjQhehXVx9cnkGdw=="],

    "rpc-websockets": ["rpc-websockets@9.0.4", "", { "dependencies": { "@swc/helpers": "^0.5.11", "@types/uuid": "^8.3.4", "@types/ws": "^8.2.2", "buffer": "^6.0.3", "eventemitter3": "^5.0.1", "uuid": "^8.3.2", "ws": "^8.5.0" }, "optionalDependencies": { "bufferutil": "^4.0.1", "utf-8-validate": "^5.0.2" } }, "sha512-yWZWN0M+bivtoNLnaDbtny4XchdAIF5Q4g/ZsC5UC61Ckbp0QczwO8fg44rV3uYmY4WHd+EZQbn90W1d8ojzqQ=="],

    "safe-buffer": ["safe-buffer@5.2.1", "", {}, "sha512-rp3So07KcdmmKbGvgaNxQSJr7bGVSVk5S9Eq1F+ppbRo70+YeaDxkw5Dd8NPN+GD6bjnYm2VuPuCXmpuYvmCXQ=="],

    "superstruct": ["superstruct@2.0.2", "", {}, "sha512-uV+TFRZdXsqXTL2pRvujROjdZQ4RAlBUS5BTh9IGm+jTqQntYThciG/qu57Gs69yjnVUSqdxF9YLmSnpupBW9A=="],

    "text-encoding-utf-8": ["text-encoding-utf-8@1.0.2", "", {}, "sha512-8bw4MY9WjdsD2aMtO0OzOCY3pXGYNx2d2FfHRVUKkiCPDWjKuOlhLVASS+pD7VkLTVjW268LYJHwsnPFlBpbAg=="],

    "through": ["through@2.3.8", "", {}, "sha512-w89qg7PI8wAdvX60bMDP+bFoD5Dvhm9oLheFp5O4a2QF0cSBGsBX4qZmadPMvVqlLJBBci+WqGGOAPvcDeNSVg=="],

    "tr46": ["tr46@0.0.3", "", {}, "sha512-N3WMsuqV66lT30CrXNbEjx4GEwlow3v6rr4mCcv6prnfwhS01rkgyFdjPNBYd9br7LpXV1+Emh01fHnq2Gdgrw=="],

    "tslib": ["tslib@2.8.1", "", {}, "sha512-oJFu94HQb+KVduSUQL7wnpmqnfmLsOA/nAh6b6EH0wCEoK0/mPeXU6c3wKDV83MkOuHPRHtSXKKU99IBazS/2w=="],

    "tweetnacl": ["tweetnacl@1.0.3", "", {}, "sha512-6rt+RN7aOi1nGMyC4Xa5DdYiukl2UWCbcJft7YhxReBGQD7OAM8Pbxw6YMo4r2diNEA8FEmu32YOn9rhaiE5yw=="],

    "typescript": ["typescript@5.7.3", "", { "bin": { "tsc": "bin/tsc", "tsserver": "bin/tsserver" } }, "sha512-84MVSjMEHP+FQRPy3pX9sTVV/INIex71s9TL2Gm5FG/WG1SqXeKyZ0k7/blY/4FdOzI12CBy1vGc4og/eus0fw=="],

    "undici-types": ["undici-types@6.20.0", "", {}, "sha512-Ny6QZ2Nju20vw1SRHe3d9jVu6gJ+4e3+MMpqu7pqE5HT6WsTSlce++GQmK5UXS8mzV8DSYHrQH+Xrf2jVcuKNg=="],

    "utf-8-validate": ["utf-8-validate@5.0.10", "", { "dependencies": { "node-gyp-build": "^4.3.0" } }, "sha512-Z6czzLq4u8fPOyx7TU6X3dvUZVvoJmxSQ+IcrlmagKhilxlhZgxPK6C5Jqbkw1IDUmFTM+cz9QDnnLTwDz/2gQ=="],

    "uuid": ["uuid@8.3.2", "", { "bin": { "uuid": "dist/bin/uuid" } }, "sha512-+NYs2QeMWy+GWFOEm9xnn6HCDp0l7QBD7ml8zLUmJ+93Q5NF0NocErnwkTkXVFNiX3/fpC6afS8Dhb/gz7R7eg=="],

    "webidl-conversions": ["webidl-conversions@3.0.1", "", {}, "sha512-2JAn3z8AR6rjK8Sm8orRC0h/bcl/DqL7tRPdGZ4I1CjdF+EaMLmYxBHyXuKL849eucPFhvBoxMsflfOb8kxaeQ=="],

    "whatwg-url": ["whatwg-url@5.0.0", "", { "dependencies": { "tr46": "~0.0.3", "webidl-conversions": "^3.0.0" } }, "sha512-saE57nupxk6v3HY35+jzBwYa0rKSy0XR8JSxZPwgLr7ys0IBzhGviA1/TUGJLmSVqs8pb9AnvICXEuOHLprYTw=="],

    "ws": ["ws@7.5.10", "", { "peerDependencies": { "bufferutil": "^4.0.1", "utf-8-validate": "^5.0.2" }, "optionalPeers": ["bufferutil", "utf-8-validate"] }, "sha512-+dbF1tHwZpXcbOJdVOkzLDxZP1ailvSxM6ZweXTegylPny803bFhA+vqBYw4s31NSAk4S2Qz+AKXK9a4wkdjcQ=="],

    "zhead": ["zhead@2.2.4", "", {}, "sha512-8F0OI5dpWIA5IGG5NHUg9staDwz/ZPxZtvGVf01j7vHqSyZ0raHY+78atOVxRqb73AotX22uV1pXt3gYSstGag=="],

    "@scalar/themes/@scalar/types": ["@scalar/types@0.0.27", "", { "dependencies": { "@scalar/openapi-types": "0.1.6", "@unhead/schema": "^1.11.11" } }, "sha512-5f293PX78gwE3NwcBNXf7+qc9OIB6lYsRpzGZts7eaN3aN9i23ysWewF76DOs74oARRP5LgNBMC7JCo9dIxM1Q=="],

    "@solana/actions/@solana/web3.js": ["@solana/web3.js@1.98.0", "", { "dependencies": { "@babel/runtime": "^7.25.0", "@noble/curves": "^1.4.2", "@noble/hashes": "^1.4.0", "@solana/buffer-layout": "^4.0.1", "agentkeepalive": "^4.5.0", "bigint-buffer": "^1.1.5", "bn.js": "^5.2.1", "borsh": "^0.7.0", "bs58": "^4.0.1", "buffer": "6.0.3", "fast-stable-stringify": "^1.0.0", "jayson": "^4.1.1", "node-fetch": "^2.7.0", "rpc-websockets": "^9.0.2", "superstruct": "^2.0.2" } }, "sha512-nz3Q5OeyGFpFCR+erX2f6JPt3sKhzhYcSycBCSPkWjzSVDh/Rr1FqTVMRe58FKO16/ivTUcuJjeS5MyBvpkbzA=="],

    "@solana/actions/bs58": ["bs58@5.0.0", "", { "dependencies": { "base-x": "^4.0.0" } }, "sha512-r+ihvQJvahgYT50JD05dyJNKlmmSlMoOGwn1lCcEzanPglg7TxYjioQUYehQ9mAR/+hOSd2jRc/Z2y5UxBymvQ=="],

    "@solana/rpc-subscriptions-channel-websocket/ws": ["ws@8.18.0", "", { "peerDependencies": { "bufferutil": "^4.0.1", "utf-8-validate": ">=5.0.2" }, "optionalPeers": ["bufferutil", "utf-8-validate"] }, "sha512-8VbfWfHLbbwu3+N6OKsOMpBdT4kXPDDB9cJk2bJ6mh9ucxdlnNvH1e+roYkKmN9Nxw2yjz7VzeO9oOz2zJ04Pw=="],

    "borsh/bs58": ["bs58@4.0.1", "", { "dependencies": { "base-x": "^3.0.2" } }, "sha512-Ok3Wdf5vOIlBrgCvTq96gBkJw+JUEzdBgyaza5HLtPm7yTHkjRy8+JzNyHF7BHa0bNWOQIp3m5YF0nnFcOIKLw=="],

    "jayson/@types/node": ["@types/node@12.20.55", "", {}, "sha512-J8xLz7q2OFulZ2cyGTLE1TbbZcjpno7FaN6zdJNrgAdrJ+DZzh/uFR6YrTb4C+nXakvud8Q4+rbhoIWlYQbUFQ=="],

    "jayson/@types/ws": ["@types/ws@7.4.7", "", { "dependencies": { "@types/node": "*" } }, "sha512-JQbbmxZTZehdc2iszGKs5oC3NFnjeay7mtAWrdt7qNtAVK0g19muApzAy4bm9byz79xa2ZnO/BOBC2R8RC5Lww=="],

    "jayson/commander": ["commander@2.20.3", "", {}, "sha512-GpVkmM8vF2vQUkj2LvZmD35JxeJOLCwJ9cUkugyk2nuhbv3+mJvpLYYt+0+USMxE+oj+ey/lJEnhZw75x/OMcQ=="],

    "rpc-websockets/ws": ["ws@8.18.0", "", { "peerDependencies": { "bufferutil": "^4.0.1", "utf-8-validate": ">=5.0.2" }, "optionalPeers": ["bufferutil", "utf-8-validate"] }, "sha512-8VbfWfHLbbwu3+N6OKsOMpBdT4kXPDDB9cJk2bJ6mh9ucxdlnNvH1e+roYkKmN9Nxw2yjz7VzeO9oOz2zJ04Pw=="],

    "@scalar/themes/@scalar/types/@scalar/openapi-types": ["@scalar/openapi-types@0.1.6", "", {}, "sha512-V+KnESyVJqorJzEN0QFlu3tAImCHjnvPov6QcQvjfY7s0+CjrI3rRO3oVIRlXURTQrQGrnhxvK0SkXGAZ+dxvw=="],

    "@solana/actions/@solana/web3.js/bs58": ["bs58@4.0.1", "", { "dependencies": { "base-x": "^3.0.2" } }, "sha512-Ok3Wdf5vOIlBrgCvTq96gBkJw+JUEzdBgyaza5HLtPm7yTHkjRy8+JzNyHF7BHa0bNWOQIp3m5YF0nnFcOIKLw=="],

    "@solana/actions/bs58/base-x": ["base-x@4.0.0", "", {}, "sha512-FuwxlW4H5kh37X/oW59pwTzzTKRzfrrQwhmyspRM7swOEZcHtDZSCt45U6oKgtuFE+WYPblePMVIPR4RZrh/hw=="],

    "borsh/bs58/base-x": ["base-x@3.0.10", "", { "dependencies": { "safe-buffer": "^5.0.1" } }, "sha512-7d0s06rR9rYaIWHkpfLIFICM/tkSVdoPC9qYAQRpxn9DdKNWNsKC0uk++akckyLq16Tx2WIinnZ6WRriAt6njQ=="],

    "jayson/@types/ws/@types/node": ["@types/node@22.10.9", "", { "dependencies": { "undici-types": "~6.20.0" } }, "sha512-Ir6hwgsKyNESl/gLOcEz3krR4CBGgliDqBQ2ma4wIhEx0w+xnoeTq3tdrNw15kU3SxogDjOgv9sqdtLW8mIHaw=="],

    "@solana/actions/@solana/web3.js/bs58/base-x": ["base-x@3.0.10", "", { "dependencies": { "safe-buffer": "^5.0.1" } }, "sha512-7d0s06rR9rYaIWHkpfLIFICM/tkSVdoPC9qYAQRpxn9DdKNWNsKC0uk++akckyLq16Tx2WIinnZ6WRriAt6njQ=="],
  }
}
